// !$*UTF8*$!
{
	archiveVersion = 1;
	classes = {
	};
	objectVersion = 50;
	objects = {

/* Begin PBXBuildFile section */
		97561FB4247306EF0056EDB7 /* AppDelegate.swift in Sources */ = {isa = PBXBuildFile; fileRef = 97561FB3247306EF0056EDB7 /* AppDelegate.swift */; };
		97561FB6247306EF0056EDB7 /* SceneDelegate.swift in Sources */ = {isa = PBXBuildFile; fileRef = 97561FB5247306EF0056EDB7 /* SceneDelegate.swift */; };
		97561FB8247306EF0056EDB7 /* ContentView.swift in Sources */ = {isa = PBXBuildFile; fileRef = 97561FB7247306EF0056EDB7 /* ContentView.swift */; };
		97561FBA247306F20056EDB7 /* Assets.xcassets in Resources */ = {isa = PBXBuildFile; fileRef = 97561FB9247306F20056EDB7 /* Assets.xcassets */; };
		97561FBD247306F20056EDB7 /* Preview Assets.xcassets in Resources */ = {isa = PBXBuildFile; fileRef = 97561FBC247306F20056EDB7 /* Preview Assets.xcassets */; };
		97561FC0247306F20056EDB7 /* LaunchScreen.storyboard in Resources */ = {isa = PBXBuildFile; fileRef = 97561FBE247306F20056EDB7 /* LaunchScreen.storyboard */; };
		97561FC9247307220056EDB7 /* Recipe.swift in Sources */ = {isa = PBXBuildFile; fileRef = 97561FC8247307220056EDB7 /* Recipe.swift */; };
		97561FCC247307FB0056EDB7 /* RecipeService.swift in Sources */ = {isa = PBXBuildFile; fileRef = 97561FCB247307FB0056EDB7 /* RecipeService.swift */; };
		97561FCF247308570056EDB7 /* RecipeViewModel.swift in Sources */ = {isa = PBXBuildFile; fileRef = 97561FCE247308570056EDB7 /* RecipeViewModel.swift */; };
		97561FD2247308D50056EDB7 /* ActivityIndicator.swift in Sources */ = {isa = PBXBuildFile; fileRef = 97561FD1247308D50056EDB7 /* ActivityIndicator.swift */; };
		97561FD4247309020056EDB7 /* CachedImageView.swift in Sources */ = {isa = PBXBuildFile; fileRef = 97561FD3247309020056EDB7 /* CachedImageView.swift */; };
		97561FD62473095A0056EDB7 /* WebView.swift in Sources */ = {isa = PBXBuildFile; fileRef = 97561FD52473095A0056EDB7 /* WebView.swift */; };
/* End PBXBuildFile section */

/* Begin PBXFileReference section */
		97561FB0247306EF0056EDB7 /* RecipeApp.app */ = {isa = PBXFileReference; explicitFileType = wrapper.application; includeInIndex = 0; path = RecipeApp.app; sourceTree = BUILT_PRODUCTS_DIR; };
		97561FB3247306EF0056EDB7 /* AppDelegate.swift */ = {isa = PBXFileReference; lastKnownFileType = sourcecode.swift; path = AppDelegate.swift; sourceTree = "<group>"; };
		97561FB5247306EF0056EDB7 /* SceneDelegate.swift */ = {isa = PBXFileReference; lastKnownFileType = sourcecode.swift; path = SceneDelegate.swift; sourceTree = "<group>"; };
		97561FB7247306EF0056EDB7 /* ContentView.swift */ = {isa = PBXFileReference; lastKnownFileType = sourcecode.swift; path = ContentView.swift; sourceTree = "<group>"; };
		97561FB9247306F20056EDB7 /* Assets.xcassets */ = {isa = PBXFileReference; lastKnownFileType = folder.assetcatalog; path = Assets.xcassets; sourceTree = "<group>"; };
		97561FBC247306F20056EDB7 /* Preview Assets.xcassets */ = {isa = PBXFileReference; lastKnownFileType = folder.assetcatalog; path = "Preview Assets.xcassets"; sourceTree = "<group>"; };
		97561FBF247306F20056EDB7 /* Base */ = {isa = PBXFileReference; lastKnownFileType = file.storyboard; name = Base; path = Base.lproj/LaunchScreen.storyboard; sourceTree = "<group>"; };
		97561FC1247306F20056EDB7 /* Info.plist */ = {isa = PBXFileReference; lastKnownFileType = text.plist.xml; path = Info.plist; sourceTree = "<group>"; };
		97561FC8247307220056EDB7 /* Recipe.swift */ = {isa = PBXFileReference; lastKnownFileType = sourcecode.swift; path = Recipe.swift; sourceTree = "<group>"; };
		97561FCB247307FB0056EDB7 /* RecipeService.swift */ = {isa = PBXFileReference; lastKnownFileType = sourcecode.swift; path = RecipeService.swift; sourceTree = "<group>"; };
		97561FCE247308570056EDB7 /* RecipeViewModel.swift */ = {isa = PBXFileReference; lastKnownFileType = sourcecode.swift; path = RecipeViewModel.swift; sourceTree = "<group>"; };
		97561FD1247308D50056EDB7 /* ActivityIndicator.swift */ = {isa = PBXFileReference; lastKnownFileType = sourcecode.swift; path = ActivityIndicator.swift; sourceTree = "<group>"; };
		97561FD3247309020056EDB7 /* CachedImageView.swift */ = {isa = PBXFileReference; lastKnownFileType = sourcecode.swift; path = CachedImageView.swift; sourceTree = "<group>"; };
		97561FD52473095A0056EDB7 /* WebView.swift */ = {isa = PBXFileReference; lastKnownFileType = sourcecode.swift; path = WebView.swift; sourceTree = "<group>"; };
/* End PBXFileReference section */

/* Begin PBXFrameworksBuildPhase section */
		97561FAD247306EF0056EDB7 /* Frameworks */ = {
			isa = PBXFrameworksBuildPhase;
			buildActionMask = 2147483647;
			files = (
			);
			runOnlyForDeploymentPostprocessing = 0;
		};
/* End PBXFrameworksBuildPhase section */

/* Begin PBXGroup section */
		97561FA7247306EF0056EDB7 = {
			isa = PBXGroup;
			children = (
				97561FB2247306EF0056EDB7 /* RecipeApp */,
				97561FB1247306EF0056EDB7 /* Products */,
			);
			sourceTree = "<group>";
		};
		97561FB1247306EF0056EDB7 /* Products */ = {
			isa = PBXGroup;
			children = (
				97561FB0247306EF0056EDB7 /* RecipeApp.app */,
			);
			name = Products;
			sourceTree = "<group>";
		};
		97561FB2247306EF0056EDB7 /* RecipeApp */ = {
			isa = PBXGroup;
			children = (
				97561FB3247306EF0056EDB7 /* AppDelegate.swift */,
				97561FB5247306EF0056EDB7 /* SceneDelegate.swift */,
				97561FB7247306EF0056EDB7 /* ContentView.swift */,
				97561FD0247308C40056EDB7 /* Helpers */,
				97561FCD2473084B0056EDB7 /* ViewModel */,
				97561FCA247307E70056EDB7 /* Service */,
				97561FC72473070C0056EDB7 /* Model */,
				97561FB9247306F20056EDB7 /* Assets.xcassets */,
				97561FBE247306F20056EDB7 /* LaunchScreen.storyboard */,
				97561FC1247306F20056EDB7 /* Info.plist */,
				97561FBB247306F20056EDB7 /* Preview Content */,
			);
			path = RecipeApp;
			sourceTree = "<group>";
		};
		97561FBB247306F20056EDB7 /* Preview Content */ = {
			isa = PBXGroup;
			children = (
				97561FBC247306F20056EDB7 /* Preview Assets.xcassets */,
			);
			path = "Preview Content";
			sourceTree = "<group>";
		};
		97561FC72473070C0056EDB7 /* Model */ = {
			isa = PBXGroup;
			children = (
				97561FC8247307220056EDB7 /* Recipe.swift */,
			);
			path = Model;
			sourceTree = "<group>";
		};
		97561FCA247307E70056EDB7 /* Service */ = {
			isa = PBXGroup;
			children = (
				97561FCB247307FB0056EDB7 /* RecipeService.swift */,
			);
			path = Service;
			sourceTree = "<group>";
		};
		97561FCD2473084B0056EDB7 /* ViewModel */ = {
			isa = PBXGroup;
			children = (
				97561FCE247308570056EDB7 /* RecipeViewModel.swift */,
			);
			path = ViewModel;
			sourceTree = "<group>";
		};
		97561FD0247308C40056EDB7 /* Helpers */ = {
			isa = PBXGroup;
			children = (
				97561FD1247308D50056EDB7 /* ActivityIndicator.swift */,
				97561FD3247309020056EDB7 /* CachedImageView.swift */,
				97561FD52473095A0056EDB7 /* WebView.swift */,
			);
			path = Helpers;
			sourceTree = "<group>";
		};
/* End PBXGroup section */

/* Begin PBXNativeTarget section */
		97561FAF247306EF0056EDB7 /* RecipeApp */ = {
			isa = PBXNativeTarget;
			buildConfigurationList = 97561FC4247306F20056EDB7 /* Build configuration list for PBXNativeTarget "RecipeApp" */;
			buildPhases = (
				97561FAC247306EF0056EDB7 /* Sources */,
				97561FAD247306EF0056EDB7 /* Frameworks */,
				97561FAE247306EF0056EDB7 /* Resources */,
			);
			buildRules = (
			);
			dependencies = (
			);
			name = RecipeApp;
			productName = RecipeApp;
			productReference = 97561FB0247306EF0056EDB7 /* RecipeApp.app */;
			productType = "com.apple.product-type.application";
		};
/* End PBXNativeTarget section */

/* Begin PBXProject section */
		97561FA8247306EF0056EDB7 /* Project object */ = {
			isa = PBXProject;
			attributes = {
				LastSwiftUpdateCheck = 1140;
				LastUpgradeCheck = 1140;
				ORGANIZATIONNAME = "Puspank Kumar";
				TargetAttributes = {
					97561FAF247306EF0056EDB7 = {
						CreatedOnToolsVersion = 11.4.1;
					};
				};
			};
			buildConfigurationList = 97561FAB247306EF0056EDB7 /* Build configuration list for PBXProject "RecipeApp" */;
			compatibilityVersion = "Xcode 9.3";
			developmentRegion = en;
			hasScannedForEncodings = 0;
			knownRegions = (
				en,
				Base,
			);
			mainGroup = 97561FA7247306EF0056EDB7;
			productRefGroup = 97561FB1247306EF0056EDB7 /* Products */;
			projectDirPath = "";
			projectRoot = "";
			targets = (
				97561FAF247306EF0056EDB7 /* RecipeApp */,
			);
		};
/* End PBXProject section */

/* Begin PBXResourcesBuildPhase section */
		97561FAE247306EF0056EDB7 /* Resources */ = {
			isa = PBXResourcesBuildPhase;
			buildActionMask = 2147483647;
			files = (
				97561FC0247306F20056EDB7 /* LaunchScreen.storyboard in Resources */,
				97561FBD247306F20056EDB7 /* Preview Assets.xcassets in Resources */,
				97561FBA247306F20056EDB7 /* Assets.xcassets in Resources */,
			);
			runOnlyForDeploymentPostprocessing = 0;
		};
/* End PBXResourcesBuildPhase section */

/* Begin PBXSourcesBuildPhase section */
		97561FAC247306EF0056EDB7 /* Sources */ = {
			isa = PBXSourcesBuildPhase;
			buildActionMask = 2147483647;
			files = (
				97561FB4247306EF0056EDB7 /* AppDelegate.swift in Sources */,
				97561FB6247306EF0056EDB7 /* SceneDelegate.swift in Sources */,
				97561FCC247307FB0056EDB7 /* RecipeService.swift in Sources */,
				97561FB8247306EF0056EDB7 /* ContentView.swift in Sources */,
				97561FD2247308D50056EDB7 /* ActivityIndicator.swift in Sources */,
				97561FCF247308570056EDB7 /* RecipeViewModel.swift in Sources */,
				97561FD62473095A0056EDB7 /* WebView.swift in Sources */,
				97561FD4247309020056EDB7 /* CachedImageView.swift in Sources */,
				97561FC9247307220056EDB7 /* Recipe.swift in Sources */,
			);
			runOnlyForDeploymentPostprocessing = 0;
		};
/* End PBXSourcesBuildPhase section */

/* Begin PBXVariantGroup section */
		97561FBE247306F20056EDB7 /* LaunchScreen.storyboard */ = {
			isa = PBXVariantGroup;
			children = (
				97561FBF247306F20056EDB7 /* Base */,
			);
			name = LaunchScreen.storyboard;
			sourceTree = "<group>";
		};
/* End PBXVariantGroup section */

/* Begin XCBuildConfiguration section */
		97561FC2247306F20056EDB7 /* Debug */ = {
			isa = XCBuildConfiguration;
			buildSettings = {
				ALWAYS_SEARCH_USER_PATHS = NO;
				CLANG_ANALYZER_NONNULL = YES;
				CLANG_ANALYZER_NUMBER_OBJECT_CONVERSION = YES_AGGRESSIVE;
				CLANG_CXX_LANGUAGE_STANDARD = "gnu++14";
				CLANG_CXX_LIBRARY = "libc++";
				CLANG_ENABLE_MODULES = YES;
				CLANG_ENABLE_OBJC_ARC = YES;
				CLANG_ENABLE_OBJC_WEAK = YES;
				CLANG_WARN_BLOCK_CAPTURE_AUTORELEASING = YES;
				CLANG_WARN_BOOL_CONVERSION = YES;
				CLANG_WARN_COMMA = YES;
				CLANG_WARN_CONSTANT_CONVERSION = YES;
				CLANG_WARN_DEPRECATED_OBJC_IMPLEMENTATIONS = YES;
				CLANG_WARN_DIRECT_OBJC_ISA_USAGE = YES_ERROR;
				CLANG_WARN_DOCUMENTATION_COMMENTS = YES;
				CLANG_WARN_EMPTY_BODY = YES;
				CLANG_WARN_ENUM_CONVERSION = YES;
				CLANG_WARN_INFINITE_RECURSION = YES;
				CLANG_WARN_INT_CONVERSION = YES;
				CLANG_WARN_NON_LITERAL_NULL_CONVERSION = YES;
				CLANG_WARN_OBJC_IMPLICIT_RETAIN_SELF = YES;
				CLANG_WARN_OBJC_LITERAL_CONVERSION = YES;
				CLANG_WARN_OBJC_ROOT_CLASS = YES_ERROR;
				CLANG_WARN_RANGE_LOOP_ANALYSIS = YES;
				CLANG_WARN_STRICT_PROTOTYPES = YES;
				CLANG_WARN_SUSPICIOUS_MOVE = YES;
				CLANG_WARN_UNGUARDED_AVAILABILITY = YES_AGGRESSIVE;
				CLANG_WARN_UNREACHABLE_CODE = YES;
				CLANG_WARN__DUPLICATE_METHOD_MATCH = YES;
				COPY_PHASE_STRIP = NO;
				DEBUG_INFORMATION_FORMAT = dwarf;
				ENABLE_STRICT_OBJC_MSGSEND = YES;
				ENABLE_TESTABILITY = YES;
				GCC_C_LANGUAGE_STANDARD = gnu11;
				GCC_DYNAMIC_NO_PIC = NO;
				GCC_NO_COMMON_BLOCKS = YES;
				GCC_OPTIMIZATION_LEVEL = 0;
				GCC_PREPROCESSOR_DEFINITIONS = (
					"DEBUG=1",
					"$(inherited)",
				);
				GCC_WARN_64_TO_32_BIT_CONVERSION = YES;
				GCC_WARN_ABOUT_RETURN_TYPE = YES_ERROR;
				GCC_WARN_UNDECLARED_SELECTOR = YES;
				GCC_WARN_UNINITIALIZED_AUTOS = YES_AGGRESSIVE;
				GCC_WARN_UNUSED_FUNCTION = YES;
				GCC_WARN_UNUSED_VARIABLE = YES;
				IPHONEOS_DEPLOYMENT_TARGET = 13.4;
				MTL_ENABLE_DEBUG_INFO = INCLUDE_SOURCE;
				MTL_FAST_MATH = YES;
				ONLY_ACTIVE_ARCH = YES;
				SDKROOT = iphoneos;
				SWIFT_ACTIVE_COMPILATION_CONDITIONS = DEBUG;
				SWIFT_OPTIMIZATION_LEVEL = "-Onone";
			};
			name = Debug;
		};
		97561FC3247306F20056EDB7 /* Release */ = {
			isa = XCBuildConfiguration;
			buildSettings = {
				ALWAYS_SEARCH_USER_PATHS = NO;
				CLANG_ANALYZER_NONNULL = YES;
				CLANG_ANALYZER_NUMBER_OBJECT_CONVERSION = YES_AGGRESSIVE;
				CLANG_CXX_LANGUAGE_STANDARD = "gnu++14";
				CLANG_CXX_LIBRARY = "libc++";
				CLANG_ENABLE_MODULES = YES;
				CLANG_ENABLE_OBJC_ARC = YES;
				CLANG_ENABLE_OBJC_WEAK = YES;
				CLANG_WARN_BLOCK_CAPTURE_AUTORELEASING = YES;
				CLANG_WARN_BOOL_CONVERSION = YES;
				CLANG_WARN_COMMA = YES;
				CLANG_WARN_CONSTANT_CONVERSION = YES;
				CLANG_WARN_DEPRECATED_OBJC_IMPLEMENTATIONS = YES;
				CLANG_WARN_DIRECT_OBJC_ISA_USAGE = YES_ERROR;
				CLANG_WARN_DOCUMENTATION_COMMENTS = YES;
				CLANG_WARN_EMPTY_BODY = YES;
				CLANG_WARN_ENUM_CONVERSION = YES;
				CLANG_WARN_INFINITE_RECURSION = YES;
				CLANG_WARN_INT_CONVERSION = YES;
				CLANG_WARN_NON_LITERAL_NULL_CONVERSION = YES;
				CLANG_WARN_OBJC_IMPLICIT_RETAIN_SELF = YES;
				CLANG_WARN_OBJC_LITERAL_CONVERSION = YES;
				CLANG_WARN_OBJC_ROOT_CLASS = YES_ERROR;
				CLANG_WARN_RANGE_LOOP_ANALYSIS = YES;
				CLANG_WARN_STRICT_PROTOTYPES = YES;
				CLANG_WARN_SUSPICIOUS_MOVE = YES;
				CLANG_WARN_UNGUARDED_AVAILABILITY = YES_AGGRESSIVE;
				CLANG_WARN_UNREACHABLE_CODE = YES;
				CLANG_WARN__DUPLICATE_METHOD_MATCH = YES;
				COPY_PHASE_STRIP = NO;
				DEBUG_INFORMATION_FORMAT = "dwarf-with-dsym";
				ENABLE_NS_ASSERTIONS = NO;
				ENABLE_STRICT_OBJC_MSGSEND = YES;
				GCC_C_LANGUAGE_STANDARD = gnu11;
				GCC_NO_COMMON_BLOCKS = YES;
				GCC_WARN_64_TO_32_BIT_CONVERSION = YES;
				GCC_WARN_ABOUT_RETURN_TYPE = YES_ERROR;
				GCC_WARN_UNDECLARED_SELECTOR = YES;
				GCC_WARN_UNINITIALIZED_AUTOS = YES_AGGRESSIVE;
				GCC_WARN_UNUSED_FUNCTION = YES;
				GCC_WARN_UNUSED_VARIABLE = YES;
				IPHONEOS_DEPLOYMENT_TARGET = 13.4;
				MTL_ENABLE_DEBUG_INFO = NO;
				MTL_FAST_MATH = YES;
				SDKROOT = iphoneos;
				SWIFT_COMPILATION_MODE = wholemodule;
				SWIFT_OPTIMIZATION_LEVEL = "-O";
				VALIDATE_PRODUCT = YES;
			};
			name = Release;
		};
		97561FC5247306F20056EDB7 /* Debug */ = {
			isa = XCBuildConfiguration;
			buildSettings = {
				ASSETCATALOG_COMPILER_APPICON_NAME = AppIcon;
				CODE_SIGN_STYLE = Automatic;
				DEVELOPMENT_ASSET_PATHS = "\"RecipeApp/Preview Content\"";
				ENABLE_PREVIEWS = YES;
				INFOPLIST_FILE = RecipeApp/Info.plist;
				LD_RUNPATH_SEARCH_PATHS = (
					"$(inherited)",
					"@executable_path/Frameworks",
				);
				PRODUCT_BUNDLE_IDENTIFIER = pushpank.RecipeApp;
				PRODUCT_NAME = "$(TARGET_NAME)";
				SWIFT_VERSION = 5.0;
				TARGETED_DEVICE_FAMILY = "1,2";
			};
			name = Debug;
		};
		97561FC6247306F20056EDB7 /* Release */ = {
			isa = XCBuildConfiguration;
			buildSettings = {
				ASSETCATALOG_COMPILER_APPICON_NAME = AppIcon;
				CODE_SIGN_STYLE = Automatic;
				DEVELOPMENT_ASSET_PATHS = "\"RecipeApp/Preview Content\"";
				ENABLE_PREVIEWS = YES;
				INFOPLIST_FILE = RecipeApp/Info.plist;
				LD_RUNPATH_SEARCH_PATHS = (
					"$(inherited)",
					"@executable_path/Frameworks",
				);
				PRODUCT_BUNDLE_IDENTIFIER = pushpank.RecipeApp;
				PRODUCT_NAME = "$(TARGET_NAME)";
				SWIFT_VERSION = 5.0;
				TARGETED_DEVICE_FAMILY = "1,2";
			};
			name = Release;
		};
/* End XCBuildConfiguration section */

/* Begin XCConfigurationList section */
		97561FAB247306EF0056EDB7 /* Build configuration list for PBXProject "RecipeApp" */ = {
			isa = XCConfigurationList;
			buildConfigurations = (
				97561FC2247306F20056EDB7 /* Debug */,
				97561FC3247306F20056EDB7 /* Release */,
			);
			defaultConfigurationIsVisible = 0;
			defaultConfigurationName = Release;
		};
		97561FC4247306F20056EDB7 /* Build configuration list for PBXNativeTarget "RecipeApp" */ = {
			isa = XCConfigurationList;
			buildConfigurations = (
				97561FC5247306F20056EDB7 /* Debug */,
				97561FC6247306F20056EDB7 /* Release */,
			);
			defaultConfigurationIsVisible = 0;
			defaultConfigurationName = Release;
		};
/* End XCConfigurationList section */
	};
	rootObject = 97561FA8247306EF0056EDB7 /* Project object */;
}
